github.com/mbndr/figlet4go v0.0.0-20190224160619-d6cef5b186ea h1:mQncVDBpKkAecPcH2IMGpKUQYhwowlafQbfkz2QFqkc=
github.com/mbndr/figlet4go v0.0.0-20190224160619-d6cef5b186ea/go.mod h1:QzTGLGoOqLHUBK8/EZ0v4Fa4CdyXmdyRwCHcl0YbeO4=
github.com/ttacon/chalk v0.0.0-20160626202418-22c06c80ed31 h1:OXcKh35JaYsGMRzpvFkLv/MEyPuL49CThT1pZ8aSml4=
github.com/ttacon/chalk v0.0.0-20160626202418-22c06c80ed31/go.mod h1:onvgF043R+lC5RZ8IT9rBXDaEDnpnw/Cl+HFiw+v/7Q=
